
Microsoft Visual Studio Solution File, Format Version 12.00
# Visual Studio Version 16
VisualStudioVersion = 16.0.30011.22
MinimumVisualStudioVersion = 10.0.40219.1
Project("{FAE04EC0-301F-11D3-BF4B-00C04F79EFBC}") = "Base64FileConverterConsole", "Base64FileConverterConsole\Base64FileConverterConsole.csproj", "{CE59A232-1B08-429D-8E28-F8D5CDE6AAD9}"
EndProject
Global
	GlobalSection(SolutionConfigurationPlatforms) = preSolution
		Debug|Any CPU = Debug|Any CPU
		Release|Any CPU = Release|Any CPU
	EndGlobalSection
	GlobalSection(ProjectConfigurationPlatforms) = postSolution
		{CE59A232-1B08-429D-8E28-F8D5CDE6AAD9}.Debug|Any CPU.ActiveCfg = Debug|Any CPU
		{CE59A232-1B08-429D-8E28-F8D5CDE6AAD9}.Debug|Any CPU.Build.0 = Debug|Any CPU
		{CE59A232-1B08-429D-8E28-F8D5CDE6AAD9}.Release|Any CPU.ActiveCfg = Release|Any CPU
		{CE59A232-1B08-429D-8E28-F8D5CDE6AAD9}.Release|Any CPU.Build.0 = Release|Any CPU
	EndGlobalSection
	GlobalSection(SolutionProperties) = preSolution
		HideSolutionNode = FALSE
	EndGlobalSection
	GlobalSection(ExtensibilityGlobals) = postSolution
		SolutionGuid = {21A24421-7E27-4356-BF3D-94F053DEE193}
	EndGlobalSection
EndGlobal
